
Microsoft Visual Studio Solution File, Format Version 12.00
# Visual Studio Version 17
VisualStudioVersion = 17.10.34928.147
MinimumVisualStudioVersion = 10.0.40219.1
Project("{FAE04EC0-301F-11D3-BF4B-00C04F79EFBC}") = "Core", "Core\Core.csproj", "{883DC58D-F031-4139-B90B-DF3A6F28055C}"
EndProject
Project("{FAE04EC0-301F-11D3-BF4B-00C04F79EFBC}") = "Business", "Business\Business.csproj", "{A429712A-2526-4717-8B6B-315E53938F30}"
EndProject
Project("{FAE04EC0-301F-11D3-BF4B-00C04F79EFBC}") = "Entities", "Entities\Entities.csproj", "{A3F5CCAE-4650-4B7B-A8F1-4668457CD3BF}"
EndProject
Project("{FAE04EC0-301F-11D3-BF4B-00C04F79EFBC}") = "DataAccess", "DataAccess\DataAccess.csproj", "{67EFC16C-D046-4133-A965-6DE34C1A2442}"
EndProject
Project("{FAE04EC0-301F-11D3-BF4B-00C04F79EFBC}") = "WebAPI", "WebAPI\WebAPI.csproj", "{A01C5E17-E350-43D8-AC0D-D01BA3AA3639}"
EndProject
Global
	GlobalSection(SolutionConfigurationPlatforms) = preSolution
		Debug|Any CPU = Debug|Any CPU
		Release|Any CPU = Release|Any CPU
	EndGlobalSection
	GlobalSection(ProjectConfigurationPlatforms) = postSolution
		{883DC58D-F031-4139-B90B-DF3A6F28055C}.Debug|Any CPU.ActiveCfg = Debug|Any CPU
		{883DC58D-F031-4139-B90B-DF3A6F28055C}.Debug|Any CPU.Build.0 = Debug|Any CPU
		{883DC58D-F031-4139-B90B-DF3A6F28055C}.Release|Any CPU.ActiveCfg = Release|Any CPU
		{883DC58D-F031-4139-B90B-DF3A6F28055C}.Release|Any CPU.Build.0 = Release|Any CPU
		{A429712A-2526-4717-8B6B-315E53938F30}.Debug|Any CPU.ActiveCfg = Debug|Any CPU
		{A429712A-2526-4717-8B6B-315E53938F30}.Debug|Any CPU.Build.0 = Debug|Any CPU
		{A429712A-2526-4717-8B6B-315E53938F30}.Release|Any CPU.ActiveCfg = Release|Any CPU
		{A429712A-2526-4717-8B6B-315E53938F30}.Release|Any CPU.Build.0 = Release|Any CPU
		{A3F5CCAE-4650-4B7B-A8F1-4668457CD3BF}.Debug|Any CPU.ActiveCfg = Debug|Any CPU
		{A3F5CCAE-4650-4B7B-A8F1-4668457CD3BF}.Debug|Any CPU.Build.0 = Debug|Any CPU
		{A3F5CCAE-4650-4B7B-A8F1-4668457CD3BF}.Release|Any CPU.ActiveCfg = Release|Any CPU
		{A3F5CCAE-4650-4B7B-A8F1-4668457CD3BF}.Release|Any CPU.Build.0 = Release|Any CPU
		{67EFC16C-D046-4133-A965-6DE34C1A2442}.Debug|Any CPU.ActiveCfg = Debug|Any CPU
		{67EFC16C-D046-4133-A965-6DE34C1A2442}.Debug|Any CPU.Build.0 = Debug|Any CPU
		{67EFC16C-D046-4133-A965-6DE34C1A2442}.Release|Any CPU.ActiveCfg = Release|Any CPU
		{67EFC16C-D046-4133-A965-6DE34C1A2442}.Release|Any CPU.Build.0 = Release|Any CPU
		{A01C5E17-E350-43D8-AC0D-D01BA3AA3639}.Debug|Any CPU.ActiveCfg = Debug|Any CPU
		{A01C5E17-E350-43D8-AC0D-D01BA3AA3639}.Debug|Any CPU.Build.0 = Debug|Any CPU
		{A01C5E17-E350-43D8-AC0D-D01BA3AA3639}.Release|Any CPU.ActiveCfg = Release|Any CPU
		{A01C5E17-E350-43D8-AC0D-D01BA3AA3639}.Release|Any CPU.Build.0 = Release|Any CPU
	EndGlobalSection
	GlobalSection(SolutionProperties) = preSolution
		HideSolutionNode = FALSE
	EndGlobalSection
	GlobalSection(ExtensibilityGlobals) = postSolution
		SolutionGuid = {4B572439-269C-4C42-B125-7A7893D21FC7}
	EndGlobalSection
EndGlobal
